{
  "name": "stairs",
  "version": "0.0.1",
  "lockfileVersion": 1,
  "requires": true,
  "dependencies": {
    "@ranfdev/deepobj": {
      "version": "1.0.2",
      "resolved": "https://registry.npmjs.org/@ranfdev/deepobj/-/deepobj-1.0.2.tgz",
      "integrity": "sha512-FM3y6kfJaj5MCoAjdv24EDCTDbuFz+4+pgAunbjYfugwIE4O/xx8mPNji1n/ouG8pHCntSnBr1xwTOensF23Gg=="
    },
    "crossfilter2": {
      "version": "1.5.0",
      "resolved": "https://registry.npmjs.org/crossfilter2/-/crossfilter2-1.5.0.tgz",
      "integrity": "sha512-ia2jwcYSqlAg75kCU89QlHKk9dYyxk5ODX5s4Rd09sUkopE99wz0Bzmty8tmKmEX+5RU4guRio/uPKXfDqkj2w==",
      "requires": {
        "@ranfdev/deepobj": "1.0.2"
      }
    },
    "d3": {
      "version": "3.5.17",
      "resolved": "https://registry.npmjs.org/d3/-/d3-3.5.17.tgz",
      "integrity": "sha1-vEZ0gAQ3iyGjYMn8fPUjF5B2L7g="
    },
    "dc": {
      "version": "2.2.2",
      "resolved": "https://registry.npmjs.org/dc/-/dc-2.2.2.tgz",
      "integrity": "sha512-WWmnxBaGs6PAZM/ebOHHMABbINYpzXIowKjBmoBmNfNGpyU3xSNOSYqZq81CmvYlNhQNbU9iZpWTvpK7HNPgDw==",
      "requires": {
        "crossfilter2": "^1.4.6",
        "d3": "^3"
      }
    }
  }
}
